<?xml version="1.0" encoding="utf-8"?>
<Project ToolsVersion="4.0" xmlns="http://schemas.microsoft.com/developer/msbuild/2003">
  <ItemGroup>
    <Filter Include="Archivos de origen">
      <UniqueIdentifier>{4FC737F1-C7A5-4376-A066-2A32D752A2FF}</UniqueIdentifier>
      <Extensions>cpp;c;cc;cxx;def;odl;idl;hpj;bat;asm;asmx</Extensions>
    </Filter>
    <Filter Include="States">
      <UniqueIdentifier>{cb4e4222-f6e2-4a62-9128-d112e0938868}</UniqueIdentifier>
    </Filter>
    <Filter Include="States Headers">
      <UniqueIdentifier>{5cc188b1-deac-438e-a9c3-4f5c073aa4a8}</UniqueIdentifier>
    </Filter>
  </ItemGroup>
  <ItemGroup>
    <ClCompile Include="Main.cpp">
      <Filter>Archivos de origen</Filter>
    </ClCompile>
    <ClCompile Include="FlowManager.cpp">
      <Filter>Archivos de origen</Filter>
    </ClCompile>
    <ClCompile Include="Menu.cpp">
      <Filter>States</Filter>
    </ClCompile>
    <ClCompile Include="Gameplay.cpp">
      <Filter>States</Filter>
    </ClCompile>
  </ItemGroup>
  <ItemGroup>
    <ClInclude Include="FlowManager.h">
      <Filter>Archivos de origen</Filter>
    </ClInclude>
    <ClInclude Include="Gameplay.h">
      <Filter>States Headers</Filter>
    </ClInclude>
    <ClInclude Include="Menu.h">
      <Filter>States Headers</Filter>
    </ClInclude>
  </ItemGroup>
</Project>